
Microsoft Visual Studio Solution File, Format Version 12.00
# Visual Studio Version 17
VisualStudioVersion = 17.14.35906.104 d17.14
MinimumVisualStudioVersion = 10.0.40219.1
Project("{FAE04EC0-301F-11D3-BF4B-00C04F79EFBC}") = "Github", "Github.csproj", "{CAC836DD-0269-450D-A429-34A42EC6A11B}"
EndProject
Global
	GlobalSection(SolutionConfigurationPlatforms) = preSolution
		Debug|Any CPU = Debug|Any CPU
		Release|Any CPU = Release|Any CPU
	EndGlobalSection
	GlobalSection(ProjectConfigurationPlatforms) = postSolution
		{CAC836DD-0269-450D-A429-34A42EC6A11B}.Debug|Any CPU.ActiveCfg = Debug|Any CPU
		{CAC836DD-0269-450D-A429-34A42EC6A11B}.Debug|Any CPU.Build.0 = Debug|Any CPU
		{CAC836DD-0269-450D-A429-34A42EC6A11B}.Release|Any CPU.ActiveCfg = Release|Any CPU
		{CAC836DD-0269-450D-A429-34A42EC6A11B}.Release|Any CPU.Build.0 = Release|Any CPU
	EndGlobalSection
	GlobalSection(SolutionProperties) = preSolution
		HideSolutionNode = FALSE
	EndGlobalSection
	GlobalSection(ExtensibilityGlobals) = postSolution
		SolutionGuid = {B08B0178-71DF-4A63-9AF0-97C2DEC8DE2E}
	EndGlobalSection
EndGlobal
